// !$*UTF8*$!
{
	archiveVersion = 1;
	classes = {
	};
	objectVersion = 50;
	objects = {

/* Begin PBXBuildFile section */
		80C7A5C124FDB69300563154 /* AppDelegate.swift in Sources */ = {isa = PBXBuildFile; fileRef = 80C7A5C024FDB69300563154 /* AppDelegate.swift */; };
		80C7A5C324FDB69300563154 /* ViewController.swift in Sources */ = {isa = PBXBuildFile; fileRef = 80C7A5C224FDB69300563154 /* ViewController.swift */; };
		80C7A5C624FDB69300563154 /* Main.storyboard in Resources */ = {isa = PBXBuildFile; fileRef = 80C7A5C424FDB69300563154 /* Main.storyboard */; };
		80C7A5C824FDB69700563154 /* Assets.xcassets in Resources */ = {isa = PBXBuildFile; fileRef = 80C7A5C724FDB69700563154 /* Assets.xcassets */; };
		80C7A5CB24FDB69700563154 /* LaunchScreen.storyboard in Resources */ = {isa = PBXBuildFile; fileRef = 80C7A5C924FDB69700563154 /* LaunchScreen.storyboard */; };
		80C7A5D324FDB6D600563154 /* capitals.json in Resources */ = {isa = PBXBuildFile; fileRef = 80C7A5D224FDB6D600563154 /* capitals.json */; };
		80C7A5D524FDB6DC00563154 /* SwiftyJSON.swift in Sources */ = {isa = PBXBuildFile; fileRef = 80C7A5D424FDB6DB00563154 /* SwiftyJSON.swift */; };
		80C7A5D824FDB7A400563154 /* MapKit.framework in Frameworks */ = {isa = PBXBuildFile; fileRef = 80C7A5D724FDB7A400563154 /* MapKit.framework */; };
		80C7A5DA24FDB9E500563154 /* City.swift in Sources */ = {isa = PBXBuildFile; fileRef = 80C7A5D924FDB9E500563154 /* City.swift */; };
		80C7A5DC24FDBAB600563154 /* SearchViewController.swift in Sources */ = {isa = PBXBuildFile; fileRef = 80C7A5DB24FDBAB600563154 /* SearchViewController.swift */; };
/* End PBXBuildFile section */

/* Begin PBXFileReference section */
		80C7A5BD24FDB69300563154 /* Placs.app */ = {isa = PBXFileReference; explicitFileType = wrapper.application; includeInIndex = 0; path = Placs.app; sourceTree = BUILT_PRODUCTS_DIR; };
		80C7A5C024FDB69300563154 /* AppDelegate.swift */ = {isa = PBXFileReference; lastKnownFileType = sourcecode.swift; path = AppDelegate.swift; sourceTree = "<group>"; };
		80C7A5C224FDB69300563154 /* ViewController.swift */ = {isa = PBXFileReference; lastKnownFileType = sourcecode.swift; path = ViewController.swift; sourceTree = "<group>"; };
		80C7A5C524FDB69300563154 /* Base */ = {isa = PBXFileReference; lastKnownFileType = file.storyboard; name = Base; path = Base.lproj/Main.storyboard; sourceTree = "<group>"; };
		80C7A5C724FDB69700563154 /* Assets.xcassets */ = {isa = PBXFileReference; lastKnownFileType = folder.assetcatalog; path = Assets.xcassets; sourceTree = "<group>"; };
		80C7A5CA24FDB69700563154 /* Base */ = {isa = PBXFileReference; lastKnownFileType = file.storyboard; name = Base; path = Base.lproj/LaunchScreen.storyboard; sourceTree = "<group>"; };
		80C7A5CC24FDB69700563154 /* Info.plist */ = {isa = PBXFileReference; lastKnownFileType = text.plist.xml; path = Info.plist; sourceTree = "<group>"; };
		80C7A5D224FDB6D600563154 /* capitals.json */ = {isa = PBXFileReference; fileEncoding = 4; lastKnownFileType = text.json; path = capitals.json; sourceTree = "<group>"; };
		80C7A5D424FDB6DB00563154 /* SwiftyJSON.swift */ = {isa = PBXFileReference; fileEncoding = 4; lastKnownFileType = sourcecode.swift; path = SwiftyJSON.swift; sourceTree = "<group>"; };
		80C7A5D724FDB7A400563154 /* MapKit.framework */ = {isa = PBXFileReference; lastKnownFileType = wrapper.framework; name = MapKit.framework; path = System/Library/Frameworks/MapKit.framework; sourceTree = SDKROOT; };
		80C7A5D924FDB9E500563154 /* City.swift */ = {isa = PBXFileReference; lastKnownFileType = sourcecode.swift; path = City.swift; sourceTree = "<group>"; };
		80C7A5DB24FDBAB600563154 /* SearchViewController.swift */ = {isa = PBXFileReference; lastKnownFileType = sourcecode.swift; path = SearchViewController.swift; sourceTree = "<group>"; };
/* End PBXFileReference section */

/* Begin PBXFrameworksBuildPhase section */
		80C7A5BA24FDB69300563154 /* Frameworks */ = {
			isa = PBXFrameworksBuildPhase;
			buildActionMask = 2147483647;
			files = (
				80C7A5D824FDB7A400563154 /* MapKit.framework in Frameworks */,
			);
			runOnlyForDeploymentPostprocessing = 0;
		};
/* End PBXFrameworksBuildPhase section */

/* Begin PBXGroup section */
		80C7A5B424FDB69200563154 = {
			isa = PBXGroup;
			children = (
				80C7A5BF24FDB69300563154 /* Placs */,
				80C7A5BE24FDB69300563154 /* Products */,
				80C7A5D624FDB7A400563154 /* Frameworks */,
			);
			sourceTree = "<group>";
		};
		80C7A5BE24FDB69300563154 /* Products */ = {
			isa = PBXGroup;
			children = (
				80C7A5BD24FDB69300563154 /* Placs.app */,
			);
			name = Products;
			sourceTree = "<group>";
		};
		80C7A5BF24FDB69300563154 /* Placs */ = {
			isa = PBXGroup;
			children = (
				80C7A5C024FDB69300563154 /* AppDelegate.swift */,
				80C7A5C224FDB69300563154 /* ViewController.swift */,
				80C7A5C424FDB69300563154 /* Main.storyboard */,
				80C7A5C724FDB69700563154 /* Assets.xcassets */,
				80C7A5C924FDB69700563154 /* LaunchScreen.storyboard */,
				80C7A5CC24FDB69700563154 /* Info.plist */,
				80C7A5D224FDB6D600563154 /* capitals.json */,
				80C7A5D424FDB6DB00563154 /* SwiftyJSON.swift */,
				80C7A5D924FDB9E500563154 /* City.swift */,
				80C7A5DB24FDBAB600563154 /* SearchViewController.swift */,
			);
			path = Placs;
			sourceTree = "<group>";
		};
		80C7A5D624FDB7A400563154 /* Frameworks */ = {
			isa = PBXGroup;
			children = (
				80C7A5D724FDB7A400563154 /* MapKit.framework */,
			);
			name = Frameworks;
			sourceTree = "<group>";
		};
/* End PBXGroup section */

/* Begin PBXNativeTarget section */
		80C7A5BC24FDB69300563154 /* Placs */ = {
			isa = PBXNativeTarget;
			buildConfigurationList = 80C7A5CF24FDB69700563154 /* Build configuration list for PBXNativeTarget "Placs" */;
			buildPhases = (
				80C7A5B924FDB69300563154 /* Sources */,
				80C7A5BA24FDB69300563154 /* Frameworks */,
				80C7A5BB24FDB69300563154 /* Resources */,
			);
			buildRules = (
			);
			dependencies = (
			);
			name = Placs;
			productName = Placs;
			productReference = 80C7A5BD24FDB69300563154 /* Placs.app */;
			productType = "com.apple.product-type.application";
		};
/* End PBXNativeTarget section */

/* Begin PBXProject section */
		80C7A5B524FDB69200563154 /* Project object */ = {
			isa = PBXProject;
			attributes = {
				LastSwiftUpdateCheck = 1160;
				LastUpgradeCheck = 1160;
				ORGANIZATIONNAME = "Jesse Ruiz";
				TargetAttributes = {
					80C7A5BC24FDB69300563154 = {
						CreatedOnToolsVersion = 11.6;
					};
				};
			};
			buildConfigurationList = 80C7A5B824FDB69200563154 /* Build configuration list for PBXProject "Placs" */;
			compatibilityVersion = "Xcode 9.3";
			developmentRegion = en;
			hasScannedForEncodings = 0;
			knownRegions = (
				en,
				Base,
			);
			mainGroup = 80C7A5B424FDB69200563154;
			productRefGroup = 80C7A5BE24FDB69300563154 /* Products */;
			projectDirPath = "";
			projectRoot = "";
			targets = (
				80C7A5BC24FDB69300563154 /* Placs */,
			);
		};
/* End PBXProject section */

/* Begin PBXResourcesBuildPhase section */
		80C7A5BB24FDB69300563154 /* Resources */ = {
			isa = PBXResourcesBuildPhase;
			buildActionMask = 2147483647;
			files = (
				80C7A5CB24FDB69700563154 /* LaunchScreen.storyboard in Resources */,
				80C7A5C824FDB69700563154 /* Assets.xcassets in Resources */,
				80C7A5D324FDB6D600563154 /* capitals.json in Resources */,
				80C7A5C624FDB69300563154 /* Main.storyboard in Resources */,
			);
			runOnlyForDeploymentPostprocessing = 0;
		};
/* End PBXResourcesBuildPhase section */

/* Begin PBXSourcesBuildPhase section */
		80C7A5B924FDB69300563154 /* Sources */ = {
			isa = PBXSourcesBuildPhase;
			buildActionMask = 2147483647;
			files = (
				80C7A5DC24FDBAB600563154 /* SearchViewController.swift in Sources */,
				80C7A5D524FDB6DC00563154 /* SwiftyJSON.swift in Sources */,
				80C7A5C324FDB69300563154 /* ViewController.swift in Sources */,
				80C7A5DA24FDB9E500563154 /* City.swift in Sources */,
				80C7A5C124FDB69300563154 /* AppDelegate.swift in Sources */,
			);
			runOnlyForDeploymentPostprocessing = 0;
		};
/* End PBXSourcesBuildPhase section */

/* Begin PBXVariantGroup section */
		80C7A5C424FDB69300563154 /* Main.storyboard */ = {
			isa = PBXVariantGroup;
			children = (
				80C7A5C524FDB69300563154 /* Base */,
			);
			name = Main.storyboard;
			sourceTree = "<group>";
		};
		80C7A5C924FDB69700563154 /* LaunchScreen.storyboard */ = {
			isa = PBXVariantGroup;
			children = (
				80C7A5CA24FDB69700563154 /* Base */,
			);
			name = LaunchScreen.storyboard;
			sourceTree = "<group>";
		};
/* End PBXVariantGroup section */

/* Begin XCBuildConfiguration section */
		80C7A5CD24FDB69700563154 /* Debug */ = {
			isa = XCBuildConfiguration;
			buildSettings = {
				ALWAYS_SEARCH_USER_PATHS = NO;
				CLANG_ANALYZER_NONNULL = YES;
				CLANG_ANALYZER_NUMBER_OBJECT_CONVERSION = YES_AGGRESSIVE;
				CLANG_CXX_LANGUAGE_STANDARD = "gnu++14";
				CLANG_CXX_LIBRARY = "libc++";
				CLANG_ENABLE_MODULES = YES;
				CLANG_ENABLE_OBJC_ARC = YES;
				CLANG_ENABLE_OBJC_WEAK = YES;
				CLANG_WARN_BLOCK_CAPTURE_AUTORELEASING = YES;
				CLANG_WARN_BOOL_CONVERSION = YES;
				CLANG_WARN_COMMA = YES;
				CLANG_WARN_CONSTANT_CONVERSION = YES;
				CLANG_WARN_DEPRECATED_OBJC_IMPLEMENTATIONS = YES;
				CLANG_WARN_DIRECT_OBJC_ISA_USAGE = YES_ERROR;
				CLANG_WARN_DOCUMENTATION_COMMENTS = YES;
				CLANG_WARN_EMPTY_BODY = YES;
				CLANG_WARN_ENUM_CONVERSION = YES;
				CLANG_WARN_INFINITE_RECURSION = YES;
				CLANG_WARN_INT_CONVERSION = YES;
				CLANG_WARN_NON_LITERAL_NULL_CONVERSION = YES;
				CLANG_WARN_OBJC_IMPLICIT_RETAIN_SELF = YES;
				CLANG_WARN_OBJC_LITERAL_CONVERSION = YES;
				CLANG_WARN_OBJC_ROOT_CLASS = YES_ERROR;
				CLANG_WARN_RANGE_LOOP_ANALYSIS = YES;
				CLANG_WARN_STRICT_PROTOTYPES = YES;
				CLANG_WARN_SUSPICIOUS_MOVE = YES;
				CLANG_WARN_UNGUARDED_AVAILABILITY = YES_AGGRESSIVE;
				CLANG_WARN_UNREACHABLE_CODE = YES;
				CLANG_WARN__DUPLICATE_METHOD_MATCH = YES;
				COPY_PHASE_STRIP = NO;
				DEBUG_INFORMATION_FORMAT = dwarf;
				ENABLE_STRICT_OBJC_MSGSEND = YES;
				ENABLE_TESTABILITY = YES;
				GCC_C_LANGUAGE_STANDARD = gnu11;
				GCC_DYNAMIC_NO_PIC = NO;
				GCC_NO_COMMON_BLOCKS = YES;
				GCC_OPTIMIZATION_LEVEL = 0;
				GCC_PREPROCESSOR_DEFINITIONS = (
					"DEBUG=1",
					"$(inherited)",
				);
				GCC_WARN_64_TO_32_BIT_CONVERSION = YES;
				GCC_WARN_ABOUT_RETURN_TYPE = YES_ERROR;
				GCC_WARN_UNDECLARED_SELECTOR = YES;
				GCC_WARN_UNINITIALIZED_AUTOS = YES_AGGRESSIVE;
				GCC_WARN_UNUSED_FUNCTION = YES;
				GCC_WARN_UNUSED_VARIABLE = YES;
				MTL_ENABLE_DEBUG_INFO = INCLUDE_SOURCE;
				MTL_FAST_MATH = YES;
				ONLY_ACTIVE_ARCH = YES;
				SDKROOT = appletvos;
				SWIFT_ACTIVE_COMPILATION_CONDITIONS = DEBUG;
				SWIFT_OPTIMIZATION_LEVEL = "-Onone";
				TVOS_DEPLOYMENT_TARGET = 13.4;
			};
			name = Debug;
		};
		80C7A5CE24FDB69700563154 /* Release */ = {
			isa = XCBuildConfiguration;
			buildSettings = {
				ALWAYS_SEARCH_USER_PATHS = NO;
				CLANG_ANALYZER_NONNULL = YES;
				CLANG_ANALYZER_NUMBER_OBJECT_CONVERSION = YES_AGGRESSIVE;
				CLANG_CXX_LANGUAGE_STANDARD = "gnu++14";
				CLANG_CXX_LIBRARY = "libc++";
				CLANG_ENABLE_MODULES = YES;
				CLANG_ENABLE_OBJC_ARC = YES;
				CLANG_ENABLE_OBJC_WEAK = YES;
				CLANG_WARN_BLOCK_CAPTURE_AUTORELEASING = YES;
				CLANG_WARN_BOOL_CONVERSION = YES;
				CLANG_WARN_COMMA = YES;
				CLANG_WARN_CONSTANT_CONVERSION = YES;
				CLANG_WARN_DEPRECATED_OBJC_IMPLEMENTATIONS = YES;
				CLANG_WARN_DIRECT_OBJC_ISA_USAGE = YES_ERROR;
				CLANG_WARN_DOCUMENTATION_COMMENTS = YES;
				CLANG_WARN_EMPTY_BODY = YES;
				CLANG_WARN_ENUM_CONVERSION = YES;
				CLANG_WARN_INFINITE_RECURSION = YES;
				CLANG_WARN_INT_CONVERSION = YES;
				CLANG_WARN_NON_LITERAL_NULL_CONVERSION = YES;
				CLANG_WARN_OBJC_IMPLICIT_RETAIN_SELF = YES;
				CLANG_WARN_OBJC_LITERAL_CONVERSION = YES;
				CLANG_WARN_OBJC_ROOT_CLASS = YES_ERROR;
				CLANG_WARN_RANGE_LOOP_ANALYSIS = YES;
				CLANG_WARN_STRICT_PROTOTYPES = YES;
				CLANG_WARN_SUSPICIOUS_MOVE = YES;
				CLANG_WARN_UNGUARDED_AVAILABILITY = YES_AGGRESSIVE;
				CLANG_WARN_UNREACHABLE_CODE = YES;
				CLANG_WARN__DUPLICATE_METHOD_MATCH = YES;
				COPY_PHASE_STRIP = NO;
				DEBUG_INFORMATION_FORMAT = "dwarf-with-dsym";
				ENABLE_NS_ASSERTIONS = NO;
				ENABLE_STRICT_OBJC_MSGSEND = YES;
				GCC_C_LANGUAGE_STANDARD = gnu11;
				GCC_NO_COMMON_BLOCKS = YES;
				GCC_WARN_64_TO_32_BIT_CONVERSION = YES;
				GCC_WARN_ABOUT_RETURN_TYPE = YES_ERROR;
				GCC_WARN_UNDECLARED_SELECTOR = YES;
				GCC_WARN_UNINITIALIZED_AUTOS = YES_AGGRESSIVE;
				GCC_WARN_UNUSED_FUNCTION = YES;
				GCC_WARN_UNUSED_VARIABLE = YES;
				MTL_ENABLE_DEBUG_INFO = NO;
				MTL_FAST_MATH = YES;
				SDKROOT = appletvos;
				SWIFT_COMPILATION_MODE = wholemodule;
				SWIFT_OPTIMIZATION_LEVEL = "-O";
				TVOS_DEPLOYMENT_TARGET = 13.4;
				VALIDATE_PRODUCT = YES;
			};
			name = Release;
		};
		80C7A5D024FDB69700563154 /* Debug */ = {
			isa = XCBuildConfiguration;
			buildSettings = {
				ASSETCATALOG_COMPILER_APPICON_NAME = "App Icon & Top Shelf Image";
				CODE_SIGN_STYLE = Automatic;
				DEVELOPMENT_TEAM = 5792949ZYF;
				INFOPLIST_FILE = Placs/Info.plist;
				LD_RUNPATH_SEARCH_PATHS = (
					"$(inherited)",
					"@executable_path/Frameworks",
				);
				PRODUCT_BUNDLE_IDENTIFIER = com.jesseruiz.Placs;
				PRODUCT_NAME = "$(TARGET_NAME)";
				SWIFT_VERSION = 5.0;
				TARGETED_DEVICE_FAMILY = 3;
			};
			name = Debug;
		};
		80C7A5D124FDB69700563154 /* Release */ = {
			isa = XCBuildConfiguration;
			buildSettings = {
				ASSETCATALOG_COMPILER_APPICON_NAME = "App Icon & Top Shelf Image";
				CODE_SIGN_STYLE = Automatic;
				DEVELOPMENT_TEAM = 5792949ZYF;
				INFOPLIST_FILE = Placs/Info.plist;
				LD_RUNPATH_SEARCH_PATHS = (
					"$(inherited)",
					"@executable_path/Frameworks",
				);
				PRODUCT_BUNDLE_IDENTIFIER = com.jesseruiz.Placs;
				PRODUCT_NAME = "$(TARGET_NAME)";
				SWIFT_VERSION = 5.0;
				TARGETED_DEVICE_FAMILY = 3;
			};
			name = Release;
		};
/* End XCBuildConfiguration section */

/* Begin XCConfigurationList section */
		80C7A5B824FDB69200563154 /* Build configuration list for PBXProject "Placs" */ = {
			isa = XCConfigurationList;
			buildConfigurations = (
				80C7A5CD24FDB69700563154 /* Debug */,
				80C7A5CE24FDB69700563154 /* Release */,
			);
			defaultConfigurationIsVisible = 0;
			defaultConfigurationName = Release;
		};
		80C7A5CF24FDB69700563154 /* Build configuration list for PBXNativeTarget "Placs" */ = {
			isa = XCConfigurationList;
			buildConfigurations = (
				80C7A5D024FDB69700563154 /* Debug */,
				80C7A5D124FDB69700563154 /* Release */,
			);
			defaultConfigurationIsVisible = 0;
			defaultConfigurationName = Release;
		};
/* End XCConfigurationList section */
	};
	rootObject = 80C7A5B524FDB69200563154 /* Project object */;
}
